// !$*UTF8*$!
{
	archiveVersion = 1;
	classes = {
	};
	objectVersion = 50;
	objects = {

/* Begin PBXBuildFile section */
		244784262574BF9B008E1CC1 /* MovieManager.swift in Sources */ = {isa = PBXBuildFile; fileRef = 244784252574BF9B008E1CC1 /* MovieManager.swift */; };
		244784292575CD0B008E1CC1 /* MovieDetails.swift in Sources */ = {isa = PBXBuildFile; fileRef = 244784282575CD0B008E1CC1 /* MovieDetails.swift */; };
		24566B1E2571111800E5EB09 /* AppDelegate.swift in Sources */ = {isa = PBXBuildFile; fileRef = 24566B1D2571111800E5EB09 /* AppDelegate.swift */; };
		24566B202571111800E5EB09 /* SceneDelegate.swift in Sources */ = {isa = PBXBuildFile; fileRef = 24566B1F2571111800E5EB09 /* SceneDelegate.swift */; };
		24566B222571111800E5EB09 /* ViewController.swift in Sources */ = {isa = PBXBuildFile; fileRef = 24566B212571111800E5EB09 /* ViewController.swift */; };
		24566B252571111800E5EB09 /* Main.storyboard in Resources */ = {isa = PBXBuildFile; fileRef = 24566B232571111800E5EB09 /* Main.storyboard */; };
		24566B272571111B00E5EB09 /* Assets.xcassets in Resources */ = {isa = PBXBuildFile; fileRef = 24566B262571111B00E5EB09 /* Assets.xcassets */; };
		24566B2A2571111B00E5EB09 /* LaunchScreen.storyboard in Resources */ = {isa = PBXBuildFile; fileRef = 24566B282571111B00E5EB09 /* LaunchScreen.storyboard */; };
		24566B362571152400E5EB09 /* Constants.swift in Sources */ = {isa = PBXBuildFile; fileRef = 24566B352571152400E5EB09 /* Constants.swift */; };
		24566B3A2571190000E5EB09 /* MovieCollectionViewCell.swift in Sources */ = {isa = PBXBuildFile; fileRef = 24566B382571190000E5EB09 /* MovieCollectionViewCell.swift */; };
		24566B3B2571190000E5EB09 /* MovieCollectionViewCell.xib in Resources */ = {isa = PBXBuildFile; fileRef = 24566B392571190000E5EB09 /* MovieCollectionViewCell.xib */; };
		24808E69257361B600642E61 /* MovieData.swift in Sources */ = {isa = PBXBuildFile; fileRef = 24808E68257361B600642E61 /* MovieData.swift */; };
/* End PBXBuildFile section */

/* Begin PBXFileReference section */
		244784252574BF9B008E1CC1 /* MovieManager.swift */ = {isa = PBXFileReference; lastKnownFileType = sourcecode.swift; path = MovieManager.swift; sourceTree = "<group>"; };
		244784282575CD0B008E1CC1 /* MovieDetails.swift */ = {isa = PBXFileReference; lastKnownFileType = sourcecode.swift; path = MovieDetails.swift; sourceTree = "<group>"; };
		24566B1A2571111800E5EB09 /* iOS-Movie_App.app */ = {isa = PBXFileReference; explicitFileType = wrapper.application; includeInIndex = 0; path = "iOS-Movie_App.app"; sourceTree = BUILT_PRODUCTS_DIR; };
		24566B1D2571111800E5EB09 /* AppDelegate.swift */ = {isa = PBXFileReference; lastKnownFileType = sourcecode.swift; path = AppDelegate.swift; sourceTree = "<group>"; };
		24566B1F2571111800E5EB09 /* SceneDelegate.swift */ = {isa = PBXFileReference; lastKnownFileType = sourcecode.swift; path = SceneDelegate.swift; sourceTree = "<group>"; };
		24566B212571111800E5EB09 /* ViewController.swift */ = {isa = PBXFileReference; lastKnownFileType = sourcecode.swift; path = ViewController.swift; sourceTree = "<group>"; };
		24566B242571111800E5EB09 /* Base */ = {isa = PBXFileReference; lastKnownFileType = file.storyboard; name = Base; path = Base.lproj/Main.storyboard; sourceTree = "<group>"; };
		24566B262571111B00E5EB09 /* Assets.xcassets */ = {isa = PBXFileReference; lastKnownFileType = folder.assetcatalog; path = Assets.xcassets; sourceTree = "<group>"; };
		24566B292571111B00E5EB09 /* Base */ = {isa = PBXFileReference; lastKnownFileType = file.storyboard; name = Base; path = Base.lproj/LaunchScreen.storyboard; sourceTree = "<group>"; };
		24566B2B2571111B00E5EB09 /* Info.plist */ = {isa = PBXFileReference; lastKnownFileType = text.plist.xml; path = Info.plist; sourceTree = "<group>"; };
		24566B352571152400E5EB09 /* Constants.swift */ = {isa = PBXFileReference; lastKnownFileType = sourcecode.swift; path = Constants.swift; sourceTree = "<group>"; };
		24566B382571190000E5EB09 /* MovieCollectionViewCell.swift */ = {isa = PBXFileReference; lastKnownFileType = sourcecode.swift; path = MovieCollectionViewCell.swift; sourceTree = "<group>"; };
		24566B392571190000E5EB09 /* MovieCollectionViewCell.xib */ = {isa = PBXFileReference; lastKnownFileType = file.xib; path = MovieCollectionViewCell.xib; sourceTree = "<group>"; };
		24808E68257361B600642E61 /* MovieData.swift */ = {isa = PBXFileReference; lastKnownFileType = sourcecode.swift; path = MovieData.swift; sourceTree = "<group>"; };
/* End PBXFileReference section */

/* Begin PBXFrameworksBuildPhase section */
		24566B172571111800E5EB09 /* Frameworks */ = {
			isa = PBXFrameworksBuildPhase;
			buildActionMask = 2147483647;
			files = (
			);
			runOnlyForDeploymentPostprocessing = 0;
		};
/* End PBXFrameworksBuildPhase section */

/* Begin PBXGroup section */
		24566B112571111800E5EB09 = {
			isa = PBXGroup;
			children = (
				24566B1C2571111800E5EB09 /* iOS-Movie_App */,
				24566B1B2571111800E5EB09 /* Products */,
			);
			sourceTree = "<group>";
		};
		24566B1B2571111800E5EB09 /* Products */ = {
			isa = PBXGroup;
			children = (
				24566B1A2571111800E5EB09 /* iOS-Movie_App.app */,
			);
			name = Products;
			sourceTree = "<group>";
		};
		24566B1C2571111800E5EB09 /* iOS-Movie_App */ = {
			isa = PBXGroup;
			children = (
				24566B1D2571111800E5EB09 /* AppDelegate.swift */,
				24566B1F2571111800E5EB09 /* SceneDelegate.swift */,
				24566B33257114F600E5EB09 /* Controller */,
				24566B32257114EC00E5EB09 /* View */,
				24566B262571111B00E5EB09 /* Assets.xcassets */,
				24566B282571111B00E5EB09 /* LaunchScreen.storyboard */,
				24566B2B2571111B00E5EB09 /* Info.plist */,
				24566B352571152400E5EB09 /* Constants.swift */,
				24808E6B257361EF00642E61 /* Model */,
			);
			path = "iOS-Movie_App";
			sourceTree = "<group>";
		};
		24566B32257114EC00E5EB09 /* View */ = {
			isa = PBXGroup;
			children = (
				24566B382571190000E5EB09 /* MovieCollectionViewCell.swift */,
				24566B392571190000E5EB09 /* MovieCollectionViewCell.xib */,
				24566B232571111800E5EB09 /* Main.storyboard */,
			);
			path = View;
			sourceTree = "<group>";
		};
		24566B33257114F600E5EB09 /* Controller */ = {
			isa = PBXGroup;
			children = (
				24566B212571111800E5EB09 /* ViewController.swift */,
				244784282575CD0B008E1CC1 /* MovieDetails.swift */,
			);
			path = Controller;
			sourceTree = "<group>";
		};
		24808E6B257361EF00642E61 /* Model */ = {
			isa = PBXGroup;
			children = (
				24808E68257361B600642E61 /* MovieData.swift */,
				244784252574BF9B008E1CC1 /* MovieManager.swift */,
			);
			path = Model;
			sourceTree = "<group>";
		};
/* End PBXGroup section */

/* Begin PBXNativeTarget section */
		24566B192571111800E5EB09 /* iOS-Movie_App */ = {
			isa = PBXNativeTarget;
			buildConfigurationList = 24566B2E2571111B00E5EB09 /* Build configuration list for PBXNativeTarget "iOS-Movie_App" */;
			buildPhases = (
				24566B162571111800E5EB09 /* Sources */,
				24566B172571111800E5EB09 /* Frameworks */,
				24566B182571111800E5EB09 /* Resources */,
			);
			buildRules = (
			);
			dependencies = (
			);
			name = "iOS-Movie_App";
			productName = "iOS-Movie_App";
			productReference = 24566B1A2571111800E5EB09 /* iOS-Movie_App.app */;
			productType = "com.apple.product-type.application";
		};
/* End PBXNativeTarget section */

/* Begin PBXProject section */
		24566B122571111800E5EB09 /* Project object */ = {
			isa = PBXProject;
			attributes = {
				LastSwiftUpdateCheck = 1210;
				LastUpgradeCheck = 1210;
				TargetAttributes = {
					24566B192571111800E5EB09 = {
						CreatedOnToolsVersion = 12.1;
					};
				};
			};
			buildConfigurationList = 24566B152571111800E5EB09 /* Build configuration list for PBXProject "iOS-Movie_App" */;
			compatibilityVersion = "Xcode 9.3";
			developmentRegion = en;
			hasScannedForEncodings = 0;
			knownRegions = (
				en,
				Base,
			);
			mainGroup = 24566B112571111800E5EB09;
			productRefGroup = 24566B1B2571111800E5EB09 /* Products */;
			projectDirPath = "";
			projectRoot = "";
			targets = (
				24566B192571111800E5EB09 /* iOS-Movie_App */,
			);
		};
/* End PBXProject section */

/* Begin PBXResourcesBuildPhase section */
		24566B182571111800E5EB09 /* Resources */ = {
			isa = PBXResourcesBuildPhase;
			buildActionMask = 2147483647;
			files = (
				24566B2A2571111B00E5EB09 /* LaunchScreen.storyboard in Resources */,
				24566B272571111B00E5EB09 /* Assets.xcassets in Resources */,
				24566B252571111800E5EB09 /* Main.storyboard in Resources */,
				24566B3B2571190000E5EB09 /* MovieCollectionViewCell.xib in Resources */,
			);
			runOnlyForDeploymentPostprocessing = 0;
		};
/* End PBXResourcesBuildPhase section */

/* Begin PBXSourcesBuildPhase section */
		24566B162571111800E5EB09 /* Sources */ = {
			isa = PBXSourcesBuildPhase;
			buildActionMask = 2147483647;
			files = (
				24808E69257361B600642E61 /* MovieData.swift in Sources */,
				24566B222571111800E5EB09 /* ViewController.swift in Sources */,
				244784262574BF9B008E1CC1 /* MovieManager.swift in Sources */,
				244784292575CD0B008E1CC1 /* MovieDetails.swift in Sources */,
				24566B1E2571111800E5EB09 /* AppDelegate.swift in Sources */,
				24566B3A2571190000E5EB09 /* MovieCollectionViewCell.swift in Sources */,
				24566B202571111800E5EB09 /* SceneDelegate.swift in Sources */,
				24566B362571152400E5EB09 /* Constants.swift in Sources */,
			);
			runOnlyForDeploymentPostprocessing = 0;
		};
/* End PBXSourcesBuildPhase section */

/* Begin PBXVariantGroup section */
		24566B232571111800E5EB09 /* Main.storyboard */ = {
			isa = PBXVariantGroup;
			children = (
				24566B242571111800E5EB09 /* Base */,
			);
			name = Main.storyboard;
			sourceTree = "<group>";
		};
		24566B282571111B00E5EB09 /* LaunchScreen.storyboard */ = {
			isa = PBXVariantGroup;
			children = (
				24566B292571111B00E5EB09 /* Base */,
			);
			name = LaunchScreen.storyboard;
			sourceTree = "<group>";
		};
/* End PBXVariantGroup section */

/* Begin XCBuildConfiguration section */
		24566B2C2571111B00E5EB09 /* Debug */ = {
			isa = XCBuildConfiguration;
			buildSettings = {
				ALWAYS_SEARCH_USER_PATHS = NO;
				CLANG_ANALYZER_NONNULL = YES;
				CLANG_ANALYZER_NUMBER_OBJECT_CONVERSION = YES_AGGRESSIVE;
				CLANG_CXX_LANGUAGE_STANDARD = "gnu++14";
				CLANG_CXX_LIBRARY = "libc++";
				CLANG_ENABLE_MODULES = YES;
				CLANG_ENABLE_OBJC_ARC = YES;
				CLANG_ENABLE_OBJC_WEAK = YES;
				CLANG_WARN_BLOCK_CAPTURE_AUTORELEASING = YES;
				CLANG_WARN_BOOL_CONVERSION = YES;
				CLANG_WARN_COMMA = YES;
				CLANG_WARN_CONSTANT_CONVERSION = YES;
				CLANG_WARN_DEPRECATED_OBJC_IMPLEMENTATIONS = YES;
				CLANG_WARN_DIRECT_OBJC_ISA_USAGE = YES_ERROR;
				CLANG_WARN_DOCUMENTATION_COMMENTS = YES;
				CLANG_WARN_EMPTY_BODY = YES;
				CLANG_WARN_ENUM_CONVERSION = YES;
				CLANG_WARN_INFINITE_RECURSION = YES;
				CLANG_WARN_INT_CONVERSION = YES;
				CLANG_WARN_NON_LITERAL_NULL_CONVERSION = YES;
				CLANG_WARN_OBJC_IMPLICIT_RETAIN_SELF = YES;
				CLANG_WARN_OBJC_LITERAL_CONVERSION = YES;
				CLANG_WARN_OBJC_ROOT_CLASS = YES_ERROR;
				CLANG_WARN_QUOTED_INCLUDE_IN_FRAMEWORK_HEADER = YES;
				CLANG_WARN_RANGE_LOOP_ANALYSIS = YES;
				CLANG_WARN_STRICT_PROTOTYPES = YES;
				CLANG_WARN_SUSPICIOUS_MOVE = YES;
				CLANG_WARN_UNGUARDED_AVAILABILITY = YES_AGGRESSIVE;
				CLANG_WARN_UNREACHABLE_CODE = YES;
				CLANG_WARN__DUPLICATE_METHOD_MATCH = YES;
				COPY_PHASE_STRIP = NO;
				DEBUG_INFORMATION_FORMAT = dwarf;
				ENABLE_STRICT_OBJC_MSGSEND = YES;
				ENABLE_TESTABILITY = YES;
				GCC_C_LANGUAGE_STANDARD = gnu11;
				GCC_DYNAMIC_NO_PIC = NO;
				GCC_NO_COMMON_BLOCKS = YES;
				GCC_OPTIMIZATION_LEVEL = 0;
				GCC_PREPROCESSOR_DEFINITIONS = (
					"DEBUG=1",
					"$(inherited)",
				);
				GCC_WARN_64_TO_32_BIT_CONVERSION = YES;
				GCC_WARN_ABOUT_RETURN_TYPE = YES_ERROR;
				GCC_WARN_UNDECLARED_SELECTOR = YES;
				GCC_WARN_UNINITIALIZED_AUTOS = YES_AGGRESSIVE;
				GCC_WARN_UNUSED_FUNCTION = YES;
				GCC_WARN_UNUSED_VARIABLE = YES;
				IPHONEOS_DEPLOYMENT_TARGET = 14.1;
				MTL_ENABLE_DEBUG_INFO = INCLUDE_SOURCE;
				MTL_FAST_MATH = YES;
				ONLY_ACTIVE_ARCH = YES;
				SDKROOT = iphoneos;
				SWIFT_ACTIVE_COMPILATION_CONDITIONS = DEBUG;
				SWIFT_OPTIMIZATION_LEVEL = "-Onone";
			};
			name = Debug;
		};
		24566B2D2571111B00E5EB09 /* Release */ = {
			isa = XCBuildConfiguration;
			buildSettings = {
				ALWAYS_SEARCH_USER_PATHS = NO;
				CLANG_ANALYZER_NONNULL = YES;
				CLANG_ANALYZER_NUMBER_OBJECT_CONVERSION = YES_AGGRESSIVE;
				CLANG_CXX_LANGUAGE_STANDARD = "gnu++14";
				CLANG_CXX_LIBRARY = "libc++";
				CLANG_ENABLE_MODULES = YES;
				CLANG_ENABLE_OBJC_ARC = YES;
				CLANG_ENABLE_OBJC_WEAK = YES;
				CLANG_WARN_BLOCK_CAPTURE_AUTORELEASING = YES;
				CLANG_WARN_BOOL_CONVERSION = YES;
				CLANG_WARN_COMMA = YES;
				CLANG_WARN_CONSTANT_CONVERSION = YES;
				CLANG_WARN_DEPRECATED_OBJC_IMPLEMENTATIONS = YES;
				CLANG_WARN_DIRECT_OBJC_ISA_USAGE = YES_ERROR;
				CLANG_WARN_DOCUMENTATION_COMMENTS = YES;
				CLANG_WARN_EMPTY_BODY = YES;
				CLANG_WARN_ENUM_CONVERSION = YES;
				CLANG_WARN_INFINITE_RECURSION = YES;
				CLANG_WARN_INT_CONVERSION = YES;
				CLANG_WARN_NON_LITERAL_NULL_CONVERSION = YES;
				CLANG_WARN_OBJC_IMPLICIT_RETAIN_SELF = YES;
				CLANG_WARN_OBJC_LITERAL_CONVERSION = YES;
				CLANG_WARN_OBJC_ROOT_CLASS = YES_ERROR;
				CLANG_WARN_QUOTED_INCLUDE_IN_FRAMEWORK_HEADER = YES;
				CLANG_WARN_RANGE_LOOP_ANALYSIS = YES;
				CLANG_WARN_STRICT_PROTOTYPES = YES;
				CLANG_WARN_SUSPICIOUS_MOVE = YES;
				CLANG_WARN_UNGUARDED_AVAILABILITY = YES_AGGRESSIVE;
				CLANG_WARN_UNREACHABLE_CODE = YES;
				CLANG_WARN__DUPLICATE_METHOD_MATCH = YES;
				COPY_PHASE_STRIP = NO;
				DEBUG_INFORMATION_FORMAT = "dwarf-with-dsym";
				ENABLE_NS_ASSERTIONS = NO;
				ENABLE_STRICT_OBJC_MSGSEND = YES;
				GCC_C_LANGUAGE_STANDARD = gnu11;
				GCC_NO_COMMON_BLOCKS = YES;
				GCC_WARN_64_TO_32_BIT_CONVERSION = YES;
				GCC_WARN_ABOUT_RETURN_TYPE = YES_ERROR;
				GCC_WARN_UNDECLARED_SELECTOR = YES;
				GCC_WARN_UNINITIALIZED_AUTOS = YES_AGGRESSIVE;
				GCC_WARN_UNUSED_FUNCTION = YES;
				GCC_WARN_UNUSED_VARIABLE = YES;
				IPHONEOS_DEPLOYMENT_TARGET = 14.1;
				MTL_ENABLE_DEBUG_INFO = NO;
				MTL_FAST_MATH = YES;
				SDKROOT = iphoneos;
				SWIFT_COMPILATION_MODE = wholemodule;
				SWIFT_OPTIMIZATION_LEVEL = "-O";
				VALIDATE_PRODUCT = YES;
			};
			name = Release;
		};
		24566B2F2571111B00E5EB09 /* Debug */ = {
			isa = XCBuildConfiguration;
			buildSettings = {
				ASSETCATALOG_COMPILER_APPICON_NAME = AppIcon;
				ASSETCATALOG_COMPILER_GLOBAL_ACCENT_COLOR_NAME = AccentColor;
				CODE_SIGN_IDENTITY = "Apple Development";
				CODE_SIGN_STYLE = Automatic;
				DEVELOPMENT_TEAM = "";
				INFOPLIST_FILE = "iOS-Movie_App/Info.plist";
				IPHONEOS_DEPLOYMENT_TARGET = 13.0;
				LD_RUNPATH_SEARCH_PATHS = (
					"$(inherited)",
					"@executable_path/Frameworks",
				);
				PRODUCT_BUNDLE_IDENTIFIER = "com.Sravanti.iOS-Movie-App";
				PRODUCT_NAME = "$(TARGET_NAME)";
				PROVISIONING_PROFILE_SPECIFIER = "";
				SWIFT_VERSION = 5.0;
				TARGETED_DEVICE_FAMILY = "1,2";
			};
			name = Debug;
		};
		24566B302571111B00E5EB09 /* Release */ = {
			isa = XCBuildConfiguration;
			buildSettings = {
				ASSETCATALOG_COMPILER_APPICON_NAME = AppIcon;
				ASSETCATALOG_COMPILER_GLOBAL_ACCENT_COLOR_NAME = AccentColor;
				CODE_SIGN_IDENTITY = "Apple Development";
				CODE_SIGN_STYLE = Automatic;
				DEVELOPMENT_TEAM = "";
				INFOPLIST_FILE = "iOS-Movie_App/Info.plist";
				IPHONEOS_DEPLOYMENT_TARGET = 13.0;
				LD_RUNPATH_SEARCH_PATHS = (
					"$(inherited)",
					"@executable_path/Frameworks",
				);
				PRODUCT_BUNDLE_IDENTIFIER = "com.Sravanti.iOS-Movie-App";
				PRODUCT_NAME = "$(TARGET_NAME)";
				PROVISIONING_PROFILE_SPECIFIER = "";
				SWIFT_VERSION = 5.0;
				TARGETED_DEVICE_FAMILY = "1,2";
			};
			name = Release;
		};
/* End XCBuildConfiguration section */

/* Begin XCConfigurationList section */
		24566B152571111800E5EB09 /* Build configuration list for PBXProject "iOS-Movie_App" */ = {
			isa = XCConfigurationList;
			buildConfigurations = (
				24566B2C2571111B00E5EB09 /* Debug */,
				24566B2D2571111B00E5EB09 /* Release */,
			);
			defaultConfigurationIsVisible = 0;
			defaultConfigurationName = Release;
		};
		24566B2E2571111B00E5EB09 /* Build configuration list for PBXNativeTarget "iOS-Movie_App" */ = {
			isa = XCConfigurationList;
			buildConfigurations = (
				24566B2F2571111B00E5EB09 /* Debug */,
				24566B302571111B00E5EB09 /* Release */,
			);
			defaultConfigurationIsVisible = 0;
			defaultConfigurationName = Release;
		};
/* End XCConfigurationList section */
	};
	rootObject = 24566B122571111800E5EB09 /* Project object */;
}
